
Microsoft Visual Studio Solution File, Format Version 12.00
# Visual Studio 14
VisualStudioVersion = 14.0.25420.1
MinimumVisualStudioVersion = 10.0.40219.1
Project("{FAE04EC0-301F-11D3-BF4B-00C04F79EFBC}") = "BefunGen", "BefunGen\BefunGen\BefunGen.csproj", "{1FF871B2-5334-487A-BB1B-DA8245C8083F}"
EndProject
Project("{FAE04EC0-301F-11D3-BF4B-00C04F79EFBC}") = "BefunDebug", "BefunDebug\BefunDebug.csproj", "{EDAF7AC1-5908-4AF0-B228-26D1E1539233}"
EndProject
Project("{FAE04EC0-301F-11D3-BF4B-00C04F79EFBC}") = "BefunGenTest", "BefunGen\BefunGenTest\BefunGenTest.csproj", "{AFE4C79F-1404-4F6E-8F7E-69A99AB9B065}"
EndProject
Project("{FAE04EC0-301F-11D3-BF4B-00C04F79EFBC}") = "BefunExec", "BefunExec\BefunExec.csproj", "{9CFFC63F-6F1B-44A8-B330-5367BC23BC0E}"
EndProject
Project("{FAE04EC0-301F-11D3-BF4B-00C04F79EFBC}") = "BefunWrite", "BefunWrite\BefunWrite.csproj", "{C3D58F36-478B-4C61-BF2F-4DBA7E8A7124}"
EndProject
Project("{FAE04EC0-301F-11D3-BF4B-00C04F79EFBC}") = "BefunHighlight", "BefunHighlight\BefunHighlight.csproj", "{ED56CFAC-ED62-485E-9438-E1FA0216D02F}"
EndProject
Project("{FAE04EC0-301F-11D3-BF4B-00C04F79EFBC}") = "BefunRep", "BefunRep\BefunRep.csproj", "{59D9439B-C969-472A-AF62-D7CFD78F01D3}"
EndProject
Project("{FAE04EC0-301F-11D3-BF4B-00C04F79EFBC}") = "BefunCompile", "BefunCompile\BefunCompile\BefunCompile.csproj", "{ECFE8D28-F8A6-4C2B-9202-C0E47A4FF906}"
EndProject
Project("{8BC9CEB8-8B4A-11D0-8D11-00A0C91BC942}") = "BefunRun", "BefunRun\BefunRun.vcxproj", "{D4F614AE-E843-4BCD-9F5C-8F97A8EF68AF}"
EndProject
Project("{FAE04EC0-301F-11D3-BF4B-00C04F79EFBC}") = "BefunCompileTest", "BefunCompile\BefunCompileTest\BefunCompileTest.csproj", "{4E718090-39BB-4E85-B29F-3043842CFB96}"
EndProject
Global
	GlobalSection(SolutionConfigurationPlatforms) = preSolution
		Debug|Any CPU = Debug|Any CPU
		Debug|x64 = Debug|x64
		Debug|x86 = Debug|x86
		Release|Any CPU = Release|Any CPU
		Release|x64 = Release|x64
		Release|x86 = Release|x86
	EndGlobalSection
	GlobalSection(ProjectConfigurationPlatforms) = postSolution
		{1FF871B2-5334-487A-BB1B-DA8245C8083F}.Debug|Any CPU.ActiveCfg = Debug|Any CPU
		{1FF871B2-5334-487A-BB1B-DA8245C8083F}.Debug|Any CPU.Build.0 = Debug|Any CPU
		{1FF871B2-5334-487A-BB1B-DA8245C8083F}.Debug|x64.ActiveCfg = Debug|Any CPU
		{1FF871B2-5334-487A-BB1B-DA8245C8083F}.Debug|x64.Build.0 = Debug|Any CPU
		{1FF871B2-5334-487A-BB1B-DA8245C8083F}.Debug|x86.ActiveCfg = Debug|Any CPU
		{1FF871B2-5334-487A-BB1B-DA8245C8083F}.Debug|x86.Build.0 = Debug|Any CPU
		{1FF871B2-5334-487A-BB1B-DA8245C8083F}.Release|Any CPU.ActiveCfg = Release|Any CPU
		{1FF871B2-5334-487A-BB1B-DA8245C8083F}.Release|Any CPU.Build.0 = Release|Any CPU
		{1FF871B2-5334-487A-BB1B-DA8245C8083F}.Release|x64.ActiveCfg = Release|Any CPU
		{1FF871B2-5334-487A-BB1B-DA8245C8083F}.Release|x64.Build.0 = Release|Any CPU
		{1FF871B2-5334-487A-BB1B-DA8245C8083F}.Release|x86.ActiveCfg = Release|Any CPU
		{1FF871B2-5334-487A-BB1B-DA8245C8083F}.Release|x86.Build.0 = Release|Any CPU
		{EDAF7AC1-5908-4AF0-B228-26D1E1539233}.Debug|Any CPU.ActiveCfg = Debug|Any CPU
		{EDAF7AC1-5908-4AF0-B228-26D1E1539233}.Debug|Any CPU.Build.0 = Debug|Any CPU
		{EDAF7AC1-5908-4AF0-B228-26D1E1539233}.Debug|x64.ActiveCfg = Debug|Any CPU
		{EDAF7AC1-5908-4AF0-B228-26D1E1539233}.Debug|x64.Build.0 = Debug|Any CPU
		{EDAF7AC1-5908-4AF0-B228-26D1E1539233}.Debug|x86.ActiveCfg = Debug|Any CPU
		{EDAF7AC1-5908-4AF0-B228-26D1E1539233}.Debug|x86.Build.0 = Debug|Any CPU
		{EDAF7AC1-5908-4AF0-B228-26D1E1539233}.Release|Any CPU.ActiveCfg = Release|Any CPU
		{EDAF7AC1-5908-4AF0-B228-26D1E1539233}.Release|Any CPU.Build.0 = Release|Any CPU
		{EDAF7AC1-5908-4AF0-B228-26D1E1539233}.Release|x64.ActiveCfg = Release|Any CPU
		{EDAF7AC1-5908-4AF0-B228-26D1E1539233}.Release|x64.Build.0 = Release|Any CPU
		{EDAF7AC1-5908-4AF0-B228-26D1E1539233}.Release|x86.ActiveCfg = Release|Any CPU
		{EDAF7AC1-5908-4AF0-B228-26D1E1539233}.Release|x86.Build.0 = Release|Any CPU
		{AFE4C79F-1404-4F6E-8F7E-69A99AB9B065}.Debug|Any CPU.ActiveCfg = Debug|Any CPU
		{AFE4C79F-1404-4F6E-8F7E-69A99AB9B065}.Debug|Any CPU.Build.0 = Debug|Any CPU
		{AFE4C79F-1404-4F6E-8F7E-69A99AB9B065}.Debug|x64.ActiveCfg = Debug|Any CPU
		{AFE4C79F-1404-4F6E-8F7E-69A99AB9B065}.Debug|x64.Build.0 = Debug|Any CPU
		{AFE4C79F-1404-4F6E-8F7E-69A99AB9B065}.Debug|x86.ActiveCfg = Debug|Any CPU
		{AFE4C79F-1404-4F6E-8F7E-69A99AB9B065}.Debug|x86.Build.0 = Debug|Any CPU
		{AFE4C79F-1404-4F6E-8F7E-69A99AB9B065}.Release|Any CPU.ActiveCfg = Release|Any CPU
		{AFE4C79F-1404-4F6E-8F7E-69A99AB9B065}.Release|Any CPU.Build.0 = Release|Any CPU
		{AFE4C79F-1404-4F6E-8F7E-69A99AB9B065}.Release|x64.ActiveCfg = Release|Any CPU
		{AFE4C79F-1404-4F6E-8F7E-69A99AB9B065}.Release|x64.Build.0 = Release|Any CPU
		{AFE4C79F-1404-4F6E-8F7E-69A99AB9B065}.Release|x86.ActiveCfg = Release|Any CPU
		{AFE4C79F-1404-4F6E-8F7E-69A99AB9B065}.Release|x86.Build.0 = Release|Any CPU
		{9CFFC63F-6F1B-44A8-B330-5367BC23BC0E}.Debug|Any CPU.ActiveCfg = Debug|Any CPU
		{9CFFC63F-6F1B-44A8-B330-5367BC23BC0E}.Debug|Any CPU.Build.0 = Debug|Any CPU
		{9CFFC63F-6F1B-44A8-B330-5367BC23BC0E}.Debug|x64.ActiveCfg = Debug|Any CPU
		{9CFFC63F-6F1B-44A8-B330-5367BC23BC0E}.Debug|x64.Build.0 = Debug|Any CPU
		{9CFFC63F-6F1B-44A8-B330-5367BC23BC0E}.Debug|x86.ActiveCfg = Debug|Any CPU
		{9CFFC63F-6F1B-44A8-B330-5367BC23BC0E}.Debug|x86.Build.0 = Debug|Any CPU
		{9CFFC63F-6F1B-44A8-B330-5367BC23BC0E}.Release|Any CPU.ActiveCfg = Release|Any CPU
		{9CFFC63F-6F1B-44A8-B330-5367BC23BC0E}.Release|Any CPU.Build.0 = Release|Any CPU
		{9CFFC63F-6F1B-44A8-B330-5367BC23BC0E}.Release|x64.ActiveCfg = Release|Any CPU
		{9CFFC63F-6F1B-44A8-B330-5367BC23BC0E}.Release|x64.Build.0 = Release|Any CPU
		{9CFFC63F-6F1B-44A8-B330-5367BC23BC0E}.Release|x86.ActiveCfg = Release|Any CPU
		{9CFFC63F-6F1B-44A8-B330-5367BC23BC0E}.Release|x86.Build.0 = Release|Any CPU
		{C3D58F36-478B-4C61-BF2F-4DBA7E8A7124}.Debug|Any CPU.ActiveCfg = Debug|Any CPU
		{C3D58F36-478B-4C61-BF2F-4DBA7E8A7124}.Debug|Any CPU.Build.0 = Debug|Any CPU
		{C3D58F36-478B-4C61-BF2F-4DBA7E8A7124}.Debug|x64.ActiveCfg = Debug|Any CPU
		{C3D58F36-478B-4C61-BF2F-4DBA7E8A7124}.Debug|x64.Build.0 = Debug|Any CPU
		{C3D58F36-478B-4C61-BF2F-4DBA7E8A7124}.Debug|x86.ActiveCfg = Debug|Any CPU
		{C3D58F36-478B-4C61-BF2F-4DBA7E8A7124}.Debug|x86.Build.0 = Debug|Any CPU
		{C3D58F36-478B-4C61-BF2F-4DBA7E8A7124}.Release|Any CPU.ActiveCfg = Release|Any CPU
		{C3D58F36-478B-4C61-BF2F-4DBA7E8A7124}.Release|Any CPU.Build.0 = Release|Any CPU
		{C3D58F36-478B-4C61-BF2F-4DBA7E8A7124}.Release|x64.ActiveCfg = Release|Any CPU
		{C3D58F36-478B-4C61-BF2F-4DBA7E8A7124}.Release|x64.Build.0 = Release|Any CPU
		{C3D58F36-478B-4C61-BF2F-4DBA7E8A7124}.Release|x86.ActiveCfg = Release|Any CPU
		{C3D58F36-478B-4C61-BF2F-4DBA7E8A7124}.Release|x86.Build.0 = Release|Any CPU
		{ED56CFAC-ED62-485E-9438-E1FA0216D02F}.Debug|Any CPU.ActiveCfg = Debug|Any CPU
		{ED56CFAC-ED62-485E-9438-E1FA0216D02F}.Debug|Any CPU.Build.0 = Debug|Any CPU
		{ED56CFAC-ED62-485E-9438-E1FA0216D02F}.Debug|x64.ActiveCfg = Debug|Any CPU
		{ED56CFAC-ED62-485E-9438-E1FA0216D02F}.Debug|x64.Build.0 = Debug|Any CPU
		{ED56CFAC-ED62-485E-9438-E1FA0216D02F}.Debug|x86.ActiveCfg = Debug|Any CPU
		{ED56CFAC-ED62-485E-9438-E1FA0216D02F}.Debug|x86.Build.0 = Debug|Any CPU
		{ED56CFAC-ED62-485E-9438-E1FA0216D02F}.Release|Any CPU.ActiveCfg = Release|Any CPU
		{ED56CFAC-ED62-485E-9438-E1FA0216D02F}.Release|Any CPU.Build.0 = Release|Any CPU
		{ED56CFAC-ED62-485E-9438-E1FA0216D02F}.Release|x64.ActiveCfg = Release|Any CPU
		{ED56CFAC-ED62-485E-9438-E1FA0216D02F}.Release|x64.Build.0 = Release|Any CPU
		{ED56CFAC-ED62-485E-9438-E1FA0216D02F}.Release|x86.ActiveCfg = Release|Any CPU
		{ED56CFAC-ED62-485E-9438-E1FA0216D02F}.Release|x86.Build.0 = Release|Any CPU
		{59D9439B-C969-472A-AF62-D7CFD78F01D3}.Debug|Any CPU.ActiveCfg = Debug|Any CPU
		{59D9439B-C969-472A-AF62-D7CFD78F01D3}.Debug|Any CPU.Build.0 = Debug|Any CPU
		{59D9439B-C969-472A-AF62-D7CFD78F01D3}.Debug|x64.ActiveCfg = Debug|Any CPU
		{59D9439B-C969-472A-AF62-D7CFD78F01D3}.Debug|x64.Build.0 = Debug|Any CPU
		{59D9439B-C969-472A-AF62-D7CFD78F01D3}.Debug|x86.ActiveCfg = Debug|Any CPU
		{59D9439B-C969-472A-AF62-D7CFD78F01D3}.Debug|x86.Build.0 = Debug|Any CPU
		{59D9439B-C969-472A-AF62-D7CFD78F01D3}.Release|Any CPU.ActiveCfg = Release|Any CPU
		{59D9439B-C969-472A-AF62-D7CFD78F01D3}.Release|Any CPU.Build.0 = Release|Any CPU
		{59D9439B-C969-472A-AF62-D7CFD78F01D3}.Release|x64.ActiveCfg = Release|Any CPU
		{59D9439B-C969-472A-AF62-D7CFD78F01D3}.Release|x64.Build.0 = Release|Any CPU
		{59D9439B-C969-472A-AF62-D7CFD78F01D3}.Release|x86.ActiveCfg = Release|Any CPU
		{59D9439B-C969-472A-AF62-D7CFD78F01D3}.Release|x86.Build.0 = Release|Any CPU
		{ECFE8D28-F8A6-4C2B-9202-C0E47A4FF906}.Debug|Any CPU.ActiveCfg = Debug|Any CPU
		{ECFE8D28-F8A6-4C2B-9202-C0E47A4FF906}.Debug|Any CPU.Build.0 = Debug|Any CPU
		{ECFE8D28-F8A6-4C2B-9202-C0E47A4FF906}.Debug|x64.ActiveCfg = Debug|Any CPU
		{ECFE8D28-F8A6-4C2B-9202-C0E47A4FF906}.Debug|x64.Build.0 = Debug|Any CPU
		{ECFE8D28-F8A6-4C2B-9202-C0E47A4FF906}.Debug|x86.ActiveCfg = Debug|Any CPU
		{ECFE8D28-F8A6-4C2B-9202-C0E47A4FF906}.Debug|x86.Build.0 = Debug|Any CPU
		{ECFE8D28-F8A6-4C2B-9202-C0E47A4FF906}.Release|Any CPU.ActiveCfg = Release|Any CPU
		{ECFE8D28-F8A6-4C2B-9202-C0E47A4FF906}.Release|Any CPU.Build.0 = Release|Any CPU
		{ECFE8D28-F8A6-4C2B-9202-C0E47A4FF906}.Release|x64.ActiveCfg = Release|Any CPU
		{ECFE8D28-F8A6-4C2B-9202-C0E47A4FF906}.Release|x64.Build.0 = Release|Any CPU
		{ECFE8D28-F8A6-4C2B-9202-C0E47A4FF906}.Release|x86.ActiveCfg = Release|Any CPU
		{ECFE8D28-F8A6-4C2B-9202-C0E47A4FF906}.Release|x86.Build.0 = Release|Any CPU
		{D4F614AE-E843-4BCD-9F5C-8F97A8EF68AF}.Debug|Any CPU.ActiveCfg = Debug|Win32
		{D4F614AE-E843-4BCD-9F5C-8F97A8EF68AF}.Debug|Any CPU.Build.0 = Debug|Win32
		{D4F614AE-E843-4BCD-9F5C-8F97A8EF68AF}.Debug|x64.ActiveCfg = Debug|x64
		{D4F614AE-E843-4BCD-9F5C-8F97A8EF68AF}.Debug|x64.Build.0 = Debug|x64
		{D4F614AE-E843-4BCD-9F5C-8F97A8EF68AF}.Debug|x86.ActiveCfg = Debug|Win32
		{D4F614AE-E843-4BCD-9F5C-8F97A8EF68AF}.Debug|x86.Build.0 = Debug|Win32
		{D4F614AE-E843-4BCD-9F5C-8F97A8EF68AF}.Release|Any CPU.ActiveCfg = Release|Win32
		{D4F614AE-E843-4BCD-9F5C-8F97A8EF68AF}.Release|Any CPU.Build.0 = Release|Win32
		{D4F614AE-E843-4BCD-9F5C-8F97A8EF68AF}.Release|x64.ActiveCfg = Release|x64
		{D4F614AE-E843-4BCD-9F5C-8F97A8EF68AF}.Release|x64.Build.0 = Release|x64
		{D4F614AE-E843-4BCD-9F5C-8F97A8EF68AF}.Release|x86.ActiveCfg = Release|Win32
		{D4F614AE-E843-4BCD-9F5C-8F97A8EF68AF}.Release|x86.Build.0 = Release|Win32
		{4E718090-39BB-4E85-B29F-3043842CFB96}.Debug|Any CPU.ActiveCfg = Debug|Any CPU
		{4E718090-39BB-4E85-B29F-3043842CFB96}.Debug|Any CPU.Build.0 = Debug|Any CPU
		{4E718090-39BB-4E85-B29F-3043842CFB96}.Debug|x64.ActiveCfg = Debug|Any CPU
		{4E718090-39BB-4E85-B29F-3043842CFB96}.Debug|x64.Build.0 = Debug|Any CPU
		{4E718090-39BB-4E85-B29F-3043842CFB96}.Debug|x86.ActiveCfg = Debug|Any CPU
		{4E718090-39BB-4E85-B29F-3043842CFB96}.Debug|x86.Build.0 = Debug|Any CPU
		{4E718090-39BB-4E85-B29F-3043842CFB96}.Release|Any CPU.ActiveCfg = Release|Any CPU
		{4E718090-39BB-4E85-B29F-3043842CFB96}.Release|Any CPU.Build.0 = Release|Any CPU
		{4E718090-39BB-4E85-B29F-3043842CFB96}.Release|x64.ActiveCfg = Release|Any CPU
		{4E718090-39BB-4E85-B29F-3043842CFB96}.Release|x64.Build.0 = Release|Any CPU
		{4E718090-39BB-4E85-B29F-3043842CFB96}.Release|x86.ActiveCfg = Release|Any CPU
		{4E718090-39BB-4E85-B29F-3043842CFB96}.Release|x86.Build.0 = Release|Any CPU
	EndGlobalSection
	GlobalSection(SolutionProperties) = preSolution
		HideSolutionNode = FALSE
	EndGlobalSection
EndGlobal
